
Microsoft Visual Studio Solution File, Format Version 12.00
# Visual Studio Version 16
VisualStudioVersion = 25.0.1706.7
MinimumVisualStudioVersion = 10.0.40219.1
Project("{FAE04EC0-301F-11D3-BF4B-00C04F79EFBC}") = "API", "API\API.csproj", "{34A841CA-2210-4AC1-A98C-A2B865CB160A}"
EndProject
Project("{FAE04EC0-301F-11D3-BF4B-00C04F79EFBC}") = "BLL", "BLL\BLL.csproj", "{77956249-46CA-4C9C-B3FF-0DFC2408EF2B}"
EndProject
Project("{FAE04EC0-301F-11D3-BF4B-00C04F79EFBC}") = "DAL", "DAL\DAL.csproj", "{08A6E529-3783-4B2F-8EBA-707134B3A20E}"
EndProject
Global
	GlobalSection(SolutionConfigurationPlatforms) = preSolution
		Debug|Any CPU = Debug|Any CPU
		Release|Any CPU = Release|Any CPU
	EndGlobalSection
	GlobalSection(ProjectConfigurationPlatforms) = postSolution
		{34A841CA-2210-4AC1-A98C-A2B865CB160A}.Debug|Any CPU.ActiveCfg = Debug|Any CPU
		{34A841CA-2210-4AC1-A98C-A2B865CB160A}.Debug|Any CPU.Build.0 = Debug|Any CPU
		{34A841CA-2210-4AC1-A98C-A2B865CB160A}.Release|Any CPU.ActiveCfg = Release|Any CPU
		{34A841CA-2210-4AC1-A98C-A2B865CB160A}.Release|Any CPU.Build.0 = Release|Any CPU
		{77956249-46CA-4C9C-B3FF-0DFC2408EF2B}.Debug|Any CPU.ActiveCfg = Debug|Any CPU
		{77956249-46CA-4C9C-B3FF-0DFC2408EF2B}.Debug|Any CPU.Build.0 = Debug|Any CPU
		{77956249-46CA-4C9C-B3FF-0DFC2408EF2B}.Release|Any CPU.ActiveCfg = Release|Any CPU
		{77956249-46CA-4C9C-B3FF-0DFC2408EF2B}.Release|Any CPU.Build.0 = Release|Any CPU
		{08A6E529-3783-4B2F-8EBA-707134B3A20E}.Debug|Any CPU.ActiveCfg = Debug|Any CPU
		{08A6E529-3783-4B2F-8EBA-707134B3A20E}.Debug|Any CPU.Build.0 = Debug|Any CPU
		{08A6E529-3783-4B2F-8EBA-707134B3A20E}.Release|Any CPU.ActiveCfg = Release|Any CPU
		{08A6E529-3783-4B2F-8EBA-707134B3A20E}.Release|Any CPU.Build.0 = Release|Any CPU
	EndGlobalSection
	GlobalSection(SolutionProperties) = preSolution
		HideSolutionNode = FALSE
	EndGlobalSection
	GlobalSection(ExtensibilityGlobals) = postSolution
		SolutionGuid = {34D2F80A-DDCF-4C5A-A1B8-886C4E0F9211}
	EndGlobalSection
EndGlobal
